
Microsoft Visual Studio Solution File, Format Version 12.00
# Visual Studio Version 17
VisualStudioVersion = 17.2.32519.379
MinimumVisualStudioVersion = 10.0.40219.1
Project("{8BC9CEB8-8B4A-11D0-8D11-00A0C91BC942}") = "Sandbox", "Sandbox\Sandbox.vcxproj", "{A786ED2D-C512-4D44-A0F4-1E6D91AD53FD}"
EndProject
Project("{8BC9CEB8-8B4A-11D0-8D11-00A0C91BC942}") = "FancyEngine", "FancyEngine\FancyEngine.vcxproj", "{90F73F05-BBC4-4A9D-8BED-1CBAFFC51052}"
EndProject
Global
	GlobalSection(SolutionConfigurationPlatforms) = preSolution
		Debug|x64 = Debug|x64
		Release|x64 = Release|x64
	EndGlobalSection
	GlobalSection(ProjectConfigurationPlatforms) = postSolution
		{90F73F05-BBC4-4A9D-8BED-1CBAFFC51052}.Debug|x64.ActiveCfg = Debug|x64
		{90F73F05-BBC4-4A9D-8BED-1CBAFFC51052}.Debug|x64.Build.0 = Debug|x64
		{90F73F05-BBC4-4A9D-8BED-1CBAFFC51052}.Release|x64.ActiveCfg = Release|x64
		{90F73F05-BBC4-4A9D-8BED-1CBAFFC51052}.Release|x64.Build.0 = Release|x64
		{A786ED2D-C512-4D44-A0F4-1E6D91AD53FD}.Debug|x64.ActiveCfg = Debug|x64
		{A786ED2D-C512-4D44-A0F4-1E6D91AD53FD}.Debug|x64.Build.0 = Debug|x64
		{A786ED2D-C512-4D44-A0F4-1E6D91AD53FD}.Release|x64.ActiveCfg = Release|x64
		{A786ED2D-C512-4D44-A0F4-1E6D91AD53FD}.Release|x64.Build.0 = Release|x64
	EndGlobalSection
	GlobalSection(SolutionProperties) = preSolution
		HideSolutionNode = FALSE
	EndGlobalSection
	GlobalSection(ExtensibilityGlobals) = postSolution
		SolutionGuid = {381D4E43-18A1-4817-9052-6AEA3DAB6E7E}
	EndGlobalSection
EndGlobal
